dmitri.shuralyov.com/text/kebabcase v0.0.0-20180217051803-40e40b42552a/go.mod h1:3YpR/7A6nvWHA/oFH66Hp/dJ5A2gM63I3xkA/3FV6tY=
github.com/BurntSushi/toml v0.3.0/go.mod h1:xHWCNGjB5oqiDr8zfno3MHue2Ht5sIBksp03qcyfWMU=
github.com/danielheath/gin-teeny-security v0.0.0-20180331042316-bb11804dd0e2 h1:OU8xbewlvG+K/mPYGshgkSDJZugXeV4cvlI8r02a58o=
github.com/danielheath/gin-teeny-security v0.0.0-20180331042316-bb11804dd0e2/go.mod h1:iufTPweOVe3TKbMOYF0OyJ5iM4pdK/D9F9dIQoQC4IE=
github.com/gin-contrib/multitemplate v0.0.0-20180607024123-41d1d62d1df3 h1:nKrMd5DcMWMxZbGzSEscZ7zsnA0vLf46rGKV1R7c4Kc=
github.com/gin-contrib/multitemplate v0.0.0-20180607024123-41d1d62d1df3/go.mod h1:62qM8p4crGvNKE413gTzn4eMFin1VOJfMDWMRzHdvqM=
github.com/gin-contrib/sessions v0.0.0-20180724132311-854e10e72056 h1:8O3V5yZXHYjZ97hKmXxJjIDqv66fE8a+f13PYz9D3No=
github.com/gin-contrib/sessions v0.0.0-20180724132311-854e10e72056/go.mod h1:F4TwIEOO0sgMULDVvcP85n9Jl8RPcOWfs17D0/fCWcE=
github.com/gin-contrib/sse v0.0.0-20170109093832-22d885f9ecc7 h1:AzN37oI0cOS+cougNAV9szl6CVoj2RYwzS3DpUQNtlY=
github.com/gin-contrib/sse v0.0.0-20170109093832-22d885f9ecc7/go.mod h1:VJ0WA2NBN22VlZ2dKZQPAPnyWw5XTlK1KymzLKsr59s=
github.com/gin-gonic/gin v1.3.0 h1:kCmZyPklC0gVdL728E6Aj20uYBJV93nj/TkwBTKhFbs=
github.com/gin-gonic/gin v1.3.0/go.mod h1:7cKuhb5qV2ggCFctp2fJQ+ErvciLZrIeoOSOm6mUr7Y=
github.com/golang/protobuf v1.2.0 h1:P3YflyNX/ehuJFLhxviNdFxQPkGK5cDcApsge1SqnvM=
github.com/golang/protobuf v1.2.0/go.mod h1:6lQm79b+lXiMfvg/cZm0SGofjICqVBUtrP5yJMmIC1U=
github.com/gorilla/context v1.1.1 h1:AWwleXJkX/nhcU9bZSnZoi3h/qGYqQAGhq6zZe/aQW8=
github.com/gorilla/context v1.1.1/go.mod h1:kBGZzfjB9CEq2AlWe17Uuf7NDRt0dE0s8S51q0aT7Yg=
github.com/gorilla/securecookie v1.1.1 h1:miw7JPhV+b/lAHSXz4qd/nN9jRiAFV5FwjeKyCS8BvQ=
github.com/gorilla/securecookie v1.1.1/go.mod h1:ra0sb63/xPlUeL+yeDciTfxMRAA+MP+HVt/4epWDjd4=
github.com/gorilla/sessions v1.1.1 h1:YMDmfaK68mUixINzY/XjscuJ47uXFWSSHzFbBQM0PrE=
github.com/gorilla/sessions v1.1.1/go.mod h1:8KCfur6+4Mqcc6S0FEfKuN15Vl5MgXW92AE8ovaJD0w=
github.com/jcelliott/lumber v0.0.0-20160324203708-dd349441af25 h1:EFT6MH3igZK/dIVqgGbTqWVvkZ7wJ5iGN03SVtvvdd8=
github.com/jcelliott/lumber v0.0.0-20160324203708-dd349441af25/go.mod h1:sWkGw/wsaHtRsT9zGQ/WyJCotGWG/Anow/9hsAcBWRw=
github.com/json-iterator/go v1.1.5/go.mod h1:+SdeFBvtyEkXs7REEP0seUULqWtbJapLOCVDaaPEHmU=
github.com/mattn/go-isatty v0.0.3 h1:ns/ykhmWi7G9O+8a448SecJU3nSMBXJfqQkl0upE1jI=
github.com/mattn/go-isatty v0.0.3/go.mod h1:M+lRXTBqGeGNdLjl/ufCoiOlB5xdOkqRJdNxMWT7Zi4=
github.com/microcosm-cc/bluemonday v1.0.1 h1:SIYunPjnlXcW+gVfvm0IlSeR5U3WZUOLfVmqg85Go44=
github.com/microcosm-cc/bluemonday v1.0.1/go.mod h1:hsXNsILzKxV+sX77C5b8FSuKF00vh2OMYv+xgHpAMF4=
github.com/modern-go/concurrent v0.0.0-20180306012644-bacd9c7ef1dd/go.mod h1:6dJC0mAP4ikYIbvyc7fijjWJddQyLn8Ig3JB5CqoB9Q=
github.com/modern-go/reflect2 v0.0.0-20180701023420-4b7aa43c6742/go.mod h1:bx2lNnkwVCuqBIxFjflWJWanXIb3RllmbCylyMrvgv0=
github.com/russross/blackfriday v1.5.1 h1:B8ZN6pD4PVofmlDCDUdELeYrbsVIDM/bpjW3v3zgcRc=
github.com/russross/blackfriday v1.5.1/go.mod h1:JO/DiYxRf+HjHt06OyowR9PTA263kcR/rfWxYHBV53g=
github.com/schollz/cryptopasta v0.0.0-20170217152710-dcd61c7d42a1 h1:CAVM5ALs/TKIa2ri7WMqge+m5wz/ItuiU6CFUPjZTjA=
github.com/schollz/cryptopasta v0.0.0-20170217152710-dcd61c7d42a1/go.mod h1:sM7qObCXSAwGYckYHG4m0hP3PSCBcHmC7/w/kBwcwgM=
github.com/schollz/versionedtext v0.0.0-20180523061923-d8ce0957c254 h1:/EgihFrDLhb/x7NLm8cWB7QTquw5gatR+y/jv2gLWsY=
github.com/schollz/versionedtext v0.0.0-20180523061923-d8ce0957c254/go.mod h1:116sjYSGDGoVSTUCdO34dA1Yg1ZGbN2jk/aYThLfK60=
github.com/sergi/go-diff v1.0.0 h1:Kpca3qRNrduNnOQeazBd0ysaKrUJiIuISHxogkT9RPQ=
github.com/sergi/go-diff v1.0.0/go.mod h1:0CfEIISq7TuYL3j771MWULgwwjU+GofnZX9QAmXWZgo=
github.com/shurcooL/github_flavored_markdown v0.0.0-20180602233135-8913699a52e3 h1:s0O6f6okLB5xGUH7dtyZyg6HKGLKlC9gj4smz91fGWo=
github.com/shurcooL/github_flavored_markdown v0.0.0-20180602233135-8913699a52e3/go.mod h1:19y9eBxWq15wrq3NRr6osGtk0dkbHhO6uznyrOtrBsE=
github.com/shurcooL/go v0.0.0-20180423040247-9e1955d9fb6e/go.mod h1:TDJrrUr11Vxrven61rcy3hJMUqaf/CLWYhHNPmT14Lk=
github.com/shurcooL/go-goon v0.0.0-20170922171312-37c2f522c041/go.mod h1:N5mDOmsrJOB+vfqUK+7DmDyjhSLIIBnXo9lvZJj3MWQ=
github.com/shurcooL/graphql v0.0.0-20180514000029-62c9ce094e75/go.mod h1:AuYgA5Kyo4c7HfUmvRGs/6rGlMMV/6B1bVnB9JxJEEg=
github.com/shurcooL/highlight_diff v0.0.0-20170515013008-09bb4053de1b h1:vYEG87HxbU6dXj5npkeulCS96Dtz5xg3jcfCgpcvbIw=
github.com/shurcooL/highlight_diff v0.0.0-20170515013008-09bb4053de1b/go.mod h1:ZpfEhSmds4ytuByIcDnOLkTHGUI6KNqRNPDLHDk+mUU=
github.com/shurcooL/highlight_go v0.0.0-20170515013102-78fb10f4a5f8 h1:xLQlo0Ghg8zBaQi+tjpK+z/WLjbg/BhAWP9pYgqo/LQ=
github.com/shurcooL/highlight_go v0.0.0-20170515013102-78fb10f4a5f8/go.mod h1:UDKB5a1T23gOMUJrI+uSuH0VRDStOiUVSjBTRDVBVag=
github.com/shurcooL/octicon v0.0.0-20180602230221-c42b0e3b24d9 h1:j3cAp1j8k/tSLaCcDiXIpVJ8FzSJ9g1eeOAPRJYM75k=
github.com/shurcooL/octicon v0.0.0-20180602230221-c42b0e3b24d9/go.mod h1:eWdoE5JD4R5UVWDucdOPg1g2fqQRq78IQa9zlOV1vpQ=
github.com/shurcooL/sanitized_anchor_name v0.0.0-20170918181015-86672fcb3f95 h1:/vdW8Cb7EXrkqWGufVMES1OH2sU9gKVb2n9/1y5NMBY=
github.com/shurcooL/sanitized_anchor_name v0.0.0-20170918181015-86672fcb3f95/go.mod h1:1NzhyTcUVG4SuEtjjoZeVRXNmyL/1OwPU0+IJeTBvfc=
github.com/sourcegraph/annotate v0.0.0-20160123013949-f4cad6c6324d h1:yKm7XZV6j9Ev6lojP2XaIshpT4ymkqhMeSghO5Ps00E=
github.com/sourcegraph/annotate v0.0.0-20160123013949-f4cad6c6324d/go.mod h1:UdhH50NIW0fCiwBSr0co2m7BnFLdv4fQTgdqdJTHFeE=
github.com/sourcegraph/syntaxhighlight v0.0.0-20170531221838-bd320f5d308e h1:qpG93cPwA5f7s/ZPBJnGOYQNK/vKsaDaseuKT5Asee8=
github.com/sourcegraph/syntaxhighlight v0.0.0-20170531221838-bd320f5d308e/go.mod h1:HuIsMU8RRBOtsCgI77wP899iHVBQpCmg4ErYMZB+2IA=
github.com/ugorji/go v1.1.1 h1:gmervu+jDMvXTbcHQ0pd2wee85nEoE0BsVyEuzkfK8w=
github.com/ugorji/go v1.1.1/go.mod h1:hnLbHMwcvSihnDhEfx2/BzKp2xb0Y+ErdfYcrs9tkJQ=
golang.org/x/crypto v0.0.0-20180820150726-614d502a4dac h1:7d7lG9fHOLdL6jZPtnV4LpI41SbohIJ1Atq7U991dMg=
golang.org/x/crypto v0.0.0-20180820150726-614d502a4dac/go.mod h1:6SG95UA2DQfeDnfUPMdvaQW0Q7yPrPDi9nlGo2tz2b4=
golang.org/x/net v0.0.0-20180821023952-922f4815f713 h1:rMJUcaDGbG+X967I4zGKCq5laYqcGKJmpB+3jhpOhPw=
golang.org/x/net v0.0.0-20180821023952-922f4815f713/go.mod h1:mL1N/T3taQHkDXs73rZJwtUhF3w3ftmwwsq0BUmARs4=
golang.org/x/sys v0.0.0-20180821140842-3b58ed4ad339/go.mod h1:STP8DvDyc/dI5b8T5hshtkjS+E42TnysNCUPdjciGhY=
gopkg.in/check.v1 v0.0.0-20161208181325-20d25e280405/go.mod h1:Co6ibVJAznAaIkqp8huTwlJQCZ016jof/cbN4VW5Yz0=
gopkg.in/go-playground/validator.v8 v8.18.2 h1:lFB4DoMU6B626w8ny76MV7VX6W2VHct2GVOI3xgiMrQ=
gopkg.in/go-playground/validator.v8 v8.18.2/go.mod h1:RX2a/7Ha8BgOhfk7j780h4/u/RRjR0eouCJSH80/M2Y=
gopkg.in/urfave/cli.v1 v1.20.0 h1:NdAVW6RYxDif9DhDHaAortIu956m2c0v+09AZBPTbE0=
gopkg.in/urfave/cli.v1 v1.20.0/go.mod h1:vuBzUtMdQeixQj8LVd+/98pzhxNGQoyuPBlsXHOQNO0=
gopkg.in/yaml.v2 v2.2.1 h1:mUhvW9EsL+naU5Q3cakzfE91YhliOondGd6ZrsDBHQE=
gopkg.in/yaml.v2 v2.2.1/go.mod h1:hI93XBmqTisBFMUTm0b8Fm+jr3Dg1NNxqwp+5A1VGuI=
